
Microsoft Visual Studio Solution File, Format Version 12.00
# Visual Studio Version 17
VisualStudioVersion = 17.5.33516.290
MinimumVisualStudioVersion = 10.0.40219.1
Project("{FAE04EC0-301F-11D3-BF4B-00C04F79EFBC}") = "GACC-LASTIKKA", "gacc\GACC-LASTIKKA.csproj", "{F947A27B-DF64-4542-B332-EE192E98E2CA}"
EndProject
Project("{FAE04EC0-301F-11D3-BF4B-00C04F79EFBC}") = "TestProject1", "TestProject1\TestProject1.csproj", "{68B39ACF-1D3D-4710-960A-CED1165118CE}"
EndProject
Global
	GlobalSection(SolutionConfigurationPlatforms) = preSolution
		Debug|Any CPU = Debug|Any CPU
		Debug|x64 = Debug|x64
		Debug|x86 = Debug|x86
		Release|Any CPU = Release|Any CPU
		Release|x64 = Release|x64
		Release|x86 = Release|x86
	EndGlobalSection
	GlobalSection(ProjectConfigurationPlatforms) = postSolution
		{F947A27B-DF64-4542-B332-EE192E98E2CA}.Debug|Any CPU.ActiveCfg = Debug|Any CPU
		{F947A27B-DF64-4542-B332-EE192E98E2CA}.Debug|Any CPU.Build.0 = Debug|Any CPU
		{F947A27B-DF64-4542-B332-EE192E98E2CA}.Debug|x64.ActiveCfg = Debug|x64
		{F947A27B-DF64-4542-B332-EE192E98E2CA}.Debug|x64.Build.0 = Debug|x64
		{F947A27B-DF64-4542-B332-EE192E98E2CA}.Debug|x86.ActiveCfg = Debug|x86
		{F947A27B-DF64-4542-B332-EE192E98E2CA}.Debug|x86.Build.0 = Debug|x86
		{F947A27B-DF64-4542-B332-EE192E98E2CA}.Release|Any CPU.ActiveCfg = Release|Any CPU
		{F947A27B-DF64-4542-B332-EE192E98E2CA}.Release|Any CPU.Build.0 = Release|Any CPU
		{F947A27B-DF64-4542-B332-EE192E98E2CA}.Release|x64.ActiveCfg = Release|x64
		{F947A27B-DF64-4542-B332-EE192E98E2CA}.Release|x64.Build.0 = Release|x64
		{F947A27B-DF64-4542-B332-EE192E98E2CA}.Release|x86.ActiveCfg = Release|x86
		{F947A27B-DF64-4542-B332-EE192E98E2CA}.Release|x86.Build.0 = Release|x86
		{68B39ACF-1D3D-4710-960A-CED1165118CE}.Debug|Any CPU.ActiveCfg = Debug|Any CPU
		{68B39ACF-1D3D-4710-960A-CED1165118CE}.Debug|Any CPU.Build.0 = Debug|Any CPU
		{68B39ACF-1D3D-4710-960A-CED1165118CE}.Debug|x64.ActiveCfg = Debug|Any CPU
		{68B39ACF-1D3D-4710-960A-CED1165118CE}.Debug|x64.Build.0 = Debug|Any CPU
		{68B39ACF-1D3D-4710-960A-CED1165118CE}.Debug|x86.ActiveCfg = Debug|Any CPU
		{68B39ACF-1D3D-4710-960A-CED1165118CE}.Debug|x86.Build.0 = Debug|Any CPU
		{68B39ACF-1D3D-4710-960A-CED1165118CE}.Release|Any CPU.ActiveCfg = Release|Any CPU
		{68B39ACF-1D3D-4710-960A-CED1165118CE}.Release|Any CPU.Build.0 = Release|Any CPU
		{68B39ACF-1D3D-4710-960A-CED1165118CE}.Release|x64.ActiveCfg = Release|Any CPU
		{68B39ACF-1D3D-4710-960A-CED1165118CE}.Release|x64.Build.0 = Release|Any CPU
		{68B39ACF-1D3D-4710-960A-CED1165118CE}.Release|x86.ActiveCfg = Release|Any CPU
		{68B39ACF-1D3D-4710-960A-CED1165118CE}.Release|x86.Build.0 = Release|Any CPU
	EndGlobalSection
	GlobalSection(SolutionProperties) = preSolution
		HideSolutionNode = FALSE
	EndGlobalSection
	GlobalSection(ExtensibilityGlobals) = postSolution
		SolutionGuid = {82CA0563-635A-4ED0-99FA-68BA519F632B}
	EndGlobalSection
EndGlobal
